
Microsoft Visual Studio Solution File, Format Version 12.00
# Visual Studio Version 16
VisualStudioVersion = 16.0.31624.102
MinimumVisualStudioVersion = 10.0.40219.1
Project("{9A19103F-16F7-4668-BE54-9A1E7A4F7556}") = "ConfigurationService", "ConfigurationService.csproj", "{34246988-E140-4AE4-AB93-A8ECB7E44743}"
EndProject
Global
	GlobalSection(SolutionConfigurationPlatforms) = preSolution
		Debug|Any CPU = Debug|Any CPU
		Release|Any CPU = Release|Any CPU
	EndGlobalSection
	GlobalSection(ProjectConfigurationPlatforms) = postSolution
		{34246988-E140-4AE4-AB93-A8ECB7E44743}.Debug|Any CPU.ActiveCfg = Debug|Any CPU
		{34246988-E140-4AE4-AB93-A8ECB7E44743}.Debug|Any CPU.Build.0 = Debug|Any CPU
		{34246988-E140-4AE4-AB93-A8ECB7E44743}.Release|Any CPU.ActiveCfg = Release|Any CPU
		{34246988-E140-4AE4-AB93-A8ECB7E44743}.Release|Any CPU.Build.0 = Release|Any CPU
	EndGlobalSection
	GlobalSection(SolutionProperties) = preSolution
		HideSolutionNode = FALSE
	EndGlobalSection
	GlobalSection(ExtensibilityGlobals) = postSolution
		SolutionGuid = {93661121-EE18-46DD-8410-93CC7CD15340}
	EndGlobalSection
EndGlobal
